// !$*UTF8*$!
{
	archiveVersion = 1;
	classes = {
	};
	objectVersion = 56;
	objects = {

/* Begin PBXBuildFile section */
		5EB12A3E2A8A77B9004286D1 /* AppDelegate.swift in Sources */ = {isa = PBXBuildFile; fileRef = 5EB12A3D2A8A77B9004286D1 /* AppDelegate.swift */; };
		5EB12A402A8A77B9004286D1 /* SceneDelegate.swift in Sources */ = {isa = PBXBuildFile; fileRef = 5EB12A3F2A8A77B9004286D1 /* SceneDelegate.swift */; };
		5EB12A422A8A77B9004286D1 /* ViewController.swift in Sources */ = {isa = PBXBuildFile; fileRef = 5EB12A412A8A77B9004286D1 /* ViewController.swift */; };
		5EB12A452A8A77B9004286D1 /* Main.storyboard in Resources */ = {isa = PBXBuildFile; fileRef = 5EB12A432A8A77B9004286D1 /* Main.storyboard */; };
		5EB12A472A8A77BB004286D1 /* Assets.xcassets in Resources */ = {isa = PBXBuildFile; fileRef = 5EB12A462A8A77BB004286D1 /* Assets.xcassets */; };
		5EB12A4A2A8A77BB004286D1 /* LaunchScreen.storyboard in Resources */ = {isa = PBXBuildFile; fileRef = 5EB12A482A8A77BB004286D1 /* LaunchScreen.storyboard */; };
		5EB12A582A8A78F5004286D1 /* UniformTypeIdentifiers.framework in Frameworks */ = {isa = PBXBuildFile; fileRef = 5EB12A572A8A78F5004286D1 /* UniformTypeIdentifiers.framework */; };
		5EB12A5B2A8A78F5004286D1 /* Media.xcassets in Resources */ = {isa = PBXBuildFile; fileRef = 5EB12A5A2A8A78F5004286D1 /* Media.xcassets */; };
		5EB12A5D2A8A78F5004286D1 /* ActionViewController.swift in Sources */ = {isa = PBXBuildFile; fileRef = 5EB12A5C2A8A78F5004286D1 /* ActionViewController.swift */; };
		5EB12A602A8A78F5004286D1 /* MainInterface.storyboard in Resources */ = {isa = PBXBuildFile; fileRef = 5EB12A5E2A8A78F5004286D1 /* MainInterface.storyboard */; };
		5EB12A642A8A78F5004286D1 /* Extension.appex in Embed Foundation Extensions */ = {isa = PBXBuildFile; fileRef = 5EB12A552A8A78F5004286D1 /* Extension.appex */; settings = {ATTRIBUTES = (RemoveHeadersOnCopy, ); }; };
		5EB12A6C2A8A7B77004286D1 /* Action.js in Resources */ = {isa = PBXBuildFile; fileRef = 5EB12A6B2A8A7B77004286D1 /* Action.js */; };
/* End PBXBuildFile section */

/* Begin PBXContainerItemProxy section */
		5EB12A622A8A78F5004286D1 /* PBXContainerItemProxy */ = {
			isa = PBXContainerItemProxy;
			containerPortal = 5EB12A322A8A77B9004286D1 /* Project object */;
			proxyType = 1;
			remoteGlobalIDString = 5EB12A542A8A78F5004286D1;
			remoteInfo = Extension;
		};
/* End PBXContainerItemProxy section */

/* Begin PBXCopyFilesBuildPhase section */
		5EB12A682A8A78F5004286D1 /* Embed Foundation Extensions */ = {
			isa = PBXCopyFilesBuildPhase;
			buildActionMask = 2147483647;
			dstPath = "";
			dstSubfolderSpec = 13;
			files = (
				5EB12A642A8A78F5004286D1 /* Extension.appex in Embed Foundation Extensions */,
			);
			name = "Embed Foundation Extensions";
			runOnlyForDeploymentPostprocessing = 0;
		};
/* End PBXCopyFilesBuildPhase section */

/* Begin PBXFileReference section */
		5EB12A3A2A8A77B9004286D1 /* Project19.app */ = {isa = PBXFileReference; explicitFileType = wrapper.application; includeInIndex = 0; path = Project19.app; sourceTree = BUILT_PRODUCTS_DIR; };
		5EB12A3D2A8A77B9004286D1 /* AppDelegate.swift */ = {isa = PBXFileReference; lastKnownFileType = sourcecode.swift; path = AppDelegate.swift; sourceTree = "<group>"; };
		5EB12A3F2A8A77B9004286D1 /* SceneDelegate.swift */ = {isa = PBXFileReference; lastKnownFileType = sourcecode.swift; path = SceneDelegate.swift; sourceTree = "<group>"; };
		5EB12A412A8A77B9004286D1 /* ViewController.swift */ = {isa = PBXFileReference; lastKnownFileType = sourcecode.swift; path = ViewController.swift; sourceTree = "<group>"; };
		5EB12A442A8A77B9004286D1 /* Base */ = {isa = PBXFileReference; lastKnownFileType = file.storyboard; name = Base; path = Base.lproj/Main.storyboard; sourceTree = "<group>"; };
		5EB12A462A8A77BB004286D1 /* Assets.xcassets */ = {isa = PBXFileReference; lastKnownFileType = folder.assetcatalog; path = Assets.xcassets; sourceTree = "<group>"; };
		5EB12A492A8A77BB004286D1 /* Base */ = {isa = PBXFileReference; lastKnownFileType = file.storyboard; name = Base; path = Base.lproj/LaunchScreen.storyboard; sourceTree = "<group>"; };
		5EB12A4B2A8A77BB004286D1 /* Info.plist */ = {isa = PBXFileReference; lastKnownFileType = text.plist.xml; path = Info.plist; sourceTree = "<group>"; };
		5EB12A552A8A78F5004286D1 /* Extension.appex */ = {isa = PBXFileReference; explicitFileType = "wrapper.app-extension"; includeInIndex = 0; path = Extension.appex; sourceTree = BUILT_PRODUCTS_DIR; };
		5EB12A572A8A78F5004286D1 /* UniformTypeIdentifiers.framework */ = {isa = PBXFileReference; lastKnownFileType = wrapper.framework; name = UniformTypeIdentifiers.framework; path = System/Library/Frameworks/UniformTypeIdentifiers.framework; sourceTree = SDKROOT; };
		5EB12A5A2A8A78F5004286D1 /* Media.xcassets */ = {isa = PBXFileReference; lastKnownFileType = folder.assetcatalog; path = Media.xcassets; sourceTree = "<group>"; };
		5EB12A5C2A8A78F5004286D1 /* ActionViewController.swift */ = {isa = PBXFileReference; lastKnownFileType = sourcecode.swift; path = ActionViewController.swift; sourceTree = "<group>"; };
		5EB12A5F2A8A78F5004286D1 /* Base */ = {isa = PBXFileReference; lastKnownFileType = file.storyboard; name = Base; path = Base.lproj/MainInterface.storyboard; sourceTree = "<group>"; };
		5EB12A612A8A78F5004286D1 /* Info.plist */ = {isa = PBXFileReference; lastKnownFileType = text.plist.xml; path = Info.plist; sourceTree = "<group>"; };
		5EB12A6B2A8A7B77004286D1 /* Action.js */ = {isa = PBXFileReference; lastKnownFileType = sourcecode.javascript; path = Action.js; sourceTree = "<group>"; };
/* End PBXFileReference section */

/* Begin PBXFrameworksBuildPhase section */
		5EB12A372A8A77B9004286D1 /* Frameworks */ = {
			isa = PBXFrameworksBuildPhase;
			buildActionMask = 2147483647;
			files = (
			);
			runOnlyForDeploymentPostprocessing = 0;
		};
		5EB12A522A8A78F5004286D1 /* Frameworks */ = {
			isa = PBXFrameworksBuildPhase;
			buildActionMask = 2147483647;
			files = (
				5EB12A582A8A78F5004286D1 /* UniformTypeIdentifiers.framework in Frameworks */,
			);
			runOnlyForDeploymentPostprocessing = 0;
		};
/* End PBXFrameworksBuildPhase section */

/* Begin PBXGroup section */
		5EB12A312A8A77B9004286D1 = {
			isa = PBXGroup;
			children = (
				5EB12A3C2A8A77B9004286D1 /* Project19 */,
				5EB12A592A8A78F5004286D1 /* Extension */,
				5EB12A562A8A78F5004286D1 /* Frameworks */,
				5EB12A3B2A8A77B9004286D1 /* Products */,
			);
			sourceTree = "<group>";
		};
		5EB12A3B2A8A77B9004286D1 /* Products */ = {
			isa = PBXGroup;
			children = (
				5EB12A3A2A8A77B9004286D1 /* Project19.app */,
				5EB12A552A8A78F5004286D1 /* Extension.appex */,
			);
			name = Products;
			sourceTree = "<group>";
		};
		5EB12A3C2A8A77B9004286D1 /* Project19 */ = {
			isa = PBXGroup;
			children = (
				5EB12A3D2A8A77B9004286D1 /* AppDelegate.swift */,
				5EB12A3F2A8A77B9004286D1 /* SceneDelegate.swift */,
				5EB12A412A8A77B9004286D1 /* ViewController.swift */,
				5EB12A432A8A77B9004286D1 /* Main.storyboard */,
				5EB12A462A8A77BB004286D1 /* Assets.xcassets */,
				5EB12A482A8A77BB004286D1 /* LaunchScreen.storyboard */,
				5EB12A4B2A8A77BB004286D1 /* Info.plist */,
			);
			path = Project19;
			sourceTree = "<group>";
		};
		5EB12A562A8A78F5004286D1 /* Frameworks */ = {
			isa = PBXGroup;
			children = (
				5EB12A572A8A78F5004286D1 /* UniformTypeIdentifiers.framework */,
			);
			name = Frameworks;
			sourceTree = "<group>";
		};
		5EB12A592A8A78F5004286D1 /* Extension */ = {
			isa = PBXGroup;
			children = (
				5EB12A5A2A8A78F5004286D1 /* Media.xcassets */,
				5EB12A5C2A8A78F5004286D1 /* ActionViewController.swift */,
				5EB12A5E2A8A78F5004286D1 /* MainInterface.storyboard */,
				5EB12A612A8A78F5004286D1 /* Info.plist */,
				5EB12A6B2A8A7B77004286D1 /* Action.js */,
			);
			path = Extension;
			sourceTree = "<group>";
		};
/* End PBXGroup section */

/* Begin PBXNativeTarget section */
		5EB12A392A8A77B9004286D1 /* Project19 */ = {
			isa = PBXNativeTarget;
			buildConfigurationList = 5EB12A4E2A8A77BB004286D1 /* Build configuration list for PBXNativeTarget "Project19" */;
			buildPhases = (
				5EB12A362A8A77B9004286D1 /* Sources */,
				5EB12A372A8A77B9004286D1 /* Frameworks */,
				5EB12A382A8A77B9004286D1 /* Resources */,
				5EB12A682A8A78F5004286D1 /* Embed Foundation Extensions */,
			);
			buildRules = (
			);
			dependencies = (
				5EB12A632A8A78F5004286D1 /* PBXTargetDependency */,
			);
			name = Project19;
			productName = Project19;
			productReference = 5EB12A3A2A8A77B9004286D1 /* Project19.app */;
			productType = "com.apple.product-type.application";
		};
		5EB12A542A8A78F5004286D1 /* Extension */ = {
			isa = PBXNativeTarget;
			buildConfigurationList = 5EB12A652A8A78F5004286D1 /* Build configuration list for PBXNativeTarget "Extension" */;
			buildPhases = (
				5EB12A512A8A78F5004286D1 /* Sources */,
				5EB12A522A8A78F5004286D1 /* Frameworks */,
				5EB12A532A8A78F5004286D1 /* Resources */,
			);
			buildRules = (
			);
			dependencies = (
			);
			name = Extension;
			productName = Extension;
			productReference = 5EB12A552A8A78F5004286D1 /* Extension.appex */;
			productType = "com.apple.product-type.app-extension";
		};
/* End PBXNativeTarget section */

/* Begin PBXProject section */
		5EB12A322A8A77B9004286D1 /* Project object */ = {
			isa = PBXProject;
			attributes = {
				BuildIndependentTargetsInParallel = 1;
				LastSwiftUpdateCheck = 1430;
				LastUpgradeCheck = 1430;
				TargetAttributes = {
					5EB12A392A8A77B9004286D1 = {
						CreatedOnToolsVersion = 14.3;
					};
					5EB12A542A8A78F5004286D1 = {
						CreatedOnToolsVersion = 14.3;
					};
				};
			};
			buildConfigurationList = 5EB12A352A8A77B9004286D1 /* Build configuration list for PBXProject "Project19" */;
			compatibilityVersion = "Xcode 14.0";
			developmentRegion = en;
			hasScannedForEncodings = 0;
			knownRegions = (
				en,
				Base,
			);
			mainGroup = 5EB12A312A8A77B9004286D1;
			productRefGroup = 5EB12A3B2A8A77B9004286D1 /* Products */;
			projectDirPath = "";
			projectRoot = "";
			targets = (
				5EB12A392A8A77B9004286D1 /* Project19 */,
				5EB12A542A8A78F5004286D1 /* Extension */,
			);
		};
/* End PBXProject section */

/* Begin PBXResourcesBuildPhase section */
		5EB12A382A8A77B9004286D1 /* Resources */ = {
			isa = PBXResourcesBuildPhase;
			buildActionMask = 2147483647;
			files = (
				5EB12A4A2A8A77BB004286D1 /* LaunchScreen.storyboard in Resources */,
				5EB12A472A8A77BB004286D1 /* Assets.xcassets in Resources */,
				5EB12A452A8A77B9004286D1 /* Main.storyboard in Resources */,
			);
			runOnlyForDeploymentPostprocessing = 0;
		};
		5EB12A532A8A78F5004286D1 /* Resources */ = {
			isa = PBXResourcesBuildPhase;
			buildActionMask = 2147483647;
			files = (
				5EB12A6C2A8A7B77004286D1 /* Action.js in Resources */,
				5EB12A5B2A8A78F5004286D1 /* Media.xcassets in Resources */,
				5EB12A602A8A78F5004286D1 /* MainInterface.storyboard in Resources */,
			);
			runOnlyForDeploymentPostprocessing = 0;
		};
/* End PBXResourcesBuildPhase section */

/* Begin PBXSourcesBuildPhase section */
		5EB12A362A8A77B9004286D1 /* Sources */ = {
			isa = PBXSourcesBuildPhase;
			buildActionMask = 2147483647;
			files = (
				5EB12A422A8A77B9004286D1 /* ViewController.swift in Sources */,
				5EB12A3E2A8A77B9004286D1 /* AppDelegate.swift in Sources */,
				5EB12A402A8A77B9004286D1 /* SceneDelegate.swift in Sources */,
			);
			runOnlyForDeploymentPostprocessing = 0;
		};
		5EB12A512A8A78F5004286D1 /* Sources */ = {
			isa = PBXSourcesBuildPhase;
			buildActionMask = 2147483647;
			files = (
				5EB12A5D2A8A78F5004286D1 /* ActionViewController.swift in Sources */,
			);
			runOnlyForDeploymentPostprocessing = 0;
		};
/* End PBXSourcesBuildPhase section */

/* Begin PBXTargetDependency section */
		5EB12A632A8A78F5004286D1 /* PBXTargetDependency */ = {
			isa = PBXTargetDependency;
			target = 5EB12A542A8A78F5004286D1 /* Extension */;
			targetProxy = 5EB12A622A8A78F5004286D1 /* PBXContainerItemProxy */;
		};
/* End PBXTargetDependency section */

/* Begin PBXVariantGroup section */
		5EB12A432A8A77B9004286D1 /* Main.storyboard */ = {
			isa = PBXVariantGroup;
			children = (
				5EB12A442A8A77B9004286D1 /* Base */,
			);
			name = Main.storyboard;
			sourceTree = "<group>";
		};
		5EB12A482A8A77BB004286D1 /* LaunchScreen.storyboard */ = {
			isa = PBXVariantGroup;
			children = (
				5EB12A492A8A77BB004286D1 /* Base */,
			);
			name = LaunchScreen.storyboard;
			sourceTree = "<group>";
		};
		5EB12A5E2A8A78F5004286D1 /* MainInterface.storyboard */ = {
			isa = PBXVariantGroup;
			children = (
				5EB12A5F2A8A78F5004286D1 /* Base */,
			);
			name = MainInterface.storyboard;
			sourceTree = "<group>";
		};
/* End PBXVariantGroup section */

/* Begin XCBuildConfiguration section */
		5EB12A4C2A8A77BB004286D1 /* Debug */ = {
			isa = XCBuildConfiguration;
			buildSettings = {
				ALWAYS_SEARCH_USER_PATHS = NO;
				CLANG_ANALYZER_NONNULL = YES;
				CLANG_ANALYZER_NUMBER_OBJECT_CONVERSION = YES_AGGRESSIVE;
				CLANG_CXX_LANGUAGE_STANDARD = "gnu++20";
				CLANG_ENABLE_MODULES = YES;
				CLANG_ENABLE_OBJC_ARC = YES;
				CLANG_ENABLE_OBJC_WEAK = YES;
				CLANG_WARN_BLOCK_CAPTURE_AUTORELEASING = YES;
				CLANG_WARN_BOOL_CONVERSION = YES;
				CLANG_WARN_COMMA = YES;
				CLANG_WARN_CONSTANT_CONVERSION = YES;
				CLANG_WARN_DEPRECATED_OBJC_IMPLEMENTATIONS = YES;
				CLANG_WARN_DIRECT_OBJC_ISA_USAGE = YES_ERROR;
				CLANG_WARN_DOCUMENTATION_COMMENTS = YES;
				CLANG_WARN_EMPTY_BODY = YES;
				CLANG_WARN_ENUM_CONVERSION = YES;
				CLANG_WARN_INFINITE_RECURSION = YES;
				CLANG_WARN_INT_CONVERSION = YES;
				CLANG_WARN_NON_LITERAL_NULL_CONVERSION = YES;
				CLANG_WARN_OBJC_IMPLICIT_RETAIN_SELF = YES;
				CLANG_WARN_OBJC_LITERAL_CONVERSION = YES;
				CLANG_WARN_OBJC_ROOT_CLASS = YES_ERROR;
				CLANG_WARN_QUOTED_INCLUDE_IN_FRAMEWORK_HEADER = YES;
				CLANG_WARN_RANGE_LOOP_ANALYSIS = YES;
				CLANG_WARN_STRICT_PROTOTYPES = YES;
				CLANG_WARN_SUSPICIOUS_MOVE = YES;
				CLANG_WARN_UNGUARDED_AVAILABILITY = YES_AGGRESSIVE;
				CLANG_WARN_UNREACHABLE_CODE = YES;
				CLANG_WARN__DUPLICATE_METHOD_MATCH = YES;
				COPY_PHASE_STRIP = NO;
				DEBUG_INFORMATION_FORMAT = dwarf;
				ENABLE_STRICT_OBJC_MSGSEND = YES;
				ENABLE_TESTABILITY = YES;
				GCC_C_LANGUAGE_STANDARD = gnu11;
				GCC_DYNAMIC_NO_PIC = NO;
				GCC_NO_COMMON_BLOCKS = YES;
				GCC_OPTIMIZATION_LEVEL = 0;
				GCC_PREPROCESSOR_DEFINITIONS = (
					"DEBUG=1",
					"$(inherited)",
				);
				GCC_WARN_64_TO_32_BIT_CONVERSION = YES;
				GCC_WARN_ABOUT_RETURN_TYPE = YES_ERROR;
				GCC_WARN_UNDECLARED_SELECTOR = YES;
				GCC_WARN_UNINITIALIZED_AUTOS = YES_AGGRESSIVE;
				GCC_WARN_UNUSED_FUNCTION = YES;
				GCC_WARN_UNUSED_VARIABLE = YES;
				IPHONEOS_DEPLOYMENT_TARGET = 16.4;
				MTL_ENABLE_DEBUG_INFO = INCLUDE_SOURCE;
				MTL_FAST_MATH = YES;
				ONLY_ACTIVE_ARCH = YES;
				SDKROOT = iphoneos;
				SWIFT_ACTIVE_COMPILATION_CONDITIONS = DEBUG;
				SWIFT_OPTIMIZATION_LEVEL = "-Onone";
			};
			name = Debug;
		};
		5EB12A4D2A8A77BB004286D1 /* Release */ = {
			isa = XCBuildConfiguration;
			buildSettings = {
				ALWAYS_SEARCH_USER_PATHS = NO;
				CLANG_ANALYZER_NONNULL = YES;
				CLANG_ANALYZER_NUMBER_OBJECT_CONVERSION = YES_AGGRESSIVE;
				CLANG_CXX_LANGUAGE_STANDARD = "gnu++20";
				CLANG_ENABLE_MODULES = YES;
				CLANG_ENABLE_OBJC_ARC = YES;
				CLANG_ENABLE_OBJC_WEAK = YES;
				CLANG_WARN_BLOCK_CAPTURE_AUTORELEASING = YES;
				CLANG_WARN_BOOL_CONVERSION = YES;
				CLANG_WARN_COMMA = YES;
				CLANG_WARN_CONSTANT_CONVERSION = YES;
				CLANG_WARN_DEPRECATED_OBJC_IMPLEMENTATIONS = YES;
				CLANG_WARN_DIRECT_OBJC_ISA_USAGE = YES_ERROR;
				CLANG_WARN_DOCUMENTATION_COMMENTS = YES;
				CLANG_WARN_EMPTY_BODY = YES;
				CLANG_WARN_ENUM_CONVERSION = YES;
				CLANG_WARN_INFINITE_RECURSION = YES;
				CLANG_WARN_INT_CONVERSION = YES;
				CLANG_WARN_NON_LITERAL_NULL_CONVERSION = YES;
				CLANG_WARN_OBJC_IMPLICIT_RETAIN_SELF = YES;
				CLANG_WARN_OBJC_LITERAL_CONVERSION = YES;
				CLANG_WARN_OBJC_ROOT_CLASS = YES_ERROR;
				CLANG_WARN_QUOTED_INCLUDE_IN_FRAMEWORK_HEADER = YES;
				CLANG_WARN_RANGE_LOOP_ANALYSIS = YES;
				CLANG_WARN_STRICT_PROTOTYPES = YES;
				CLANG_WARN_SUSPICIOUS_MOVE = YES;
				CLANG_WARN_UNGUARDED_AVAILABILITY = YES_AGGRESSIVE;
				CLANG_WARN_UNREACHABLE_CODE = YES;
				CLANG_WARN__DUPLICATE_METHOD_MATCH = YES;
				COPY_PHASE_STRIP = NO;
				DEBUG_INFORMATION_FORMAT = "dwarf-with-dsym";
				ENABLE_NS_ASSERTIONS = NO;
				ENABLE_STRICT_OBJC_MSGSEND = YES;
				GCC_C_LANGUAGE_STANDARD = gnu11;
				GCC_NO_COMMON_BLOCKS = YES;
				GCC_WARN_64_TO_32_BIT_CONVERSION = YES;
				GCC_WARN_ABOUT_RETURN_TYPE = YES_ERROR;
				GCC_WARN_UNDECLARED_SELECTOR = YES;
				GCC_WARN_UNINITIALIZED_AUTOS = YES_AGGRESSIVE;
				GCC_WARN_UNUSED_FUNCTION = YES;
				GCC_WARN_UNUSED_VARIABLE = YES;
				IPHONEOS_DEPLOYMENT_TARGET = 16.4;
				MTL_ENABLE_DEBUG_INFO = NO;
				MTL_FAST_MATH = YES;
				SDKROOT = iphoneos;
				SWIFT_COMPILATION_MODE = wholemodule;
				SWIFT_OPTIMIZATION_LEVEL = "-O";
				VALIDATE_PRODUCT = YES;
			};
			name = Release;
		};
		5EB12A4F2A8A77BB004286D1 /* Debug */ = {
			isa = XCBuildConfiguration;
			buildSettings = {
				ALWAYS_EMBED_SWIFT_STANDARD_LIBRARIES = YES;
				ASSETCATALOG_COMPILER_APPICON_NAME = AppIcon;
				ASSETCATALOG_COMPILER_GLOBAL_ACCENT_COLOR_NAME = AccentColor;
				CODE_SIGN_STYLE = Automatic;
				CURRENT_PROJECT_VERSION = 1;
				DEVELOPMENT_TEAM = SJSFBHND4A;
				GENERATE_INFOPLIST_FILE = YES;
				INFOPLIST_FILE = Project19/Info.plist;
				INFOPLIST_KEY_UIApplicationSupportsIndirectInputEvents = YES;
				INFOPLIST_KEY_UILaunchStoryboardName = LaunchScreen;
				INFOPLIST_KEY_UIMainStoryboardFile = Main;
				INFOPLIST_KEY_UISupportedInterfaceOrientations_iPad = "UIInterfaceOrientationPortrait UIInterfaceOrientationPortraitUpsideDown UIInterfaceOrientationLandscapeLeft UIInterfaceOrientationLandscapeRight";
				INFOPLIST_KEY_UISupportedInterfaceOrientations_iPhone = "UIInterfaceOrientationPortrait UIInterfaceOrientationLandscapeLeft UIInterfaceOrientationLandscapeRight";
				LD_RUNPATH_SEARCH_PATHS = (
					"$(inherited)",
					"@executable_path/Frameworks",
				);
				MARKETING_VERSION = 1.0;
				PRODUCT_BUNDLE_IDENTIFIER = com.eyeiai.Project19;
				PRODUCT_NAME = "$(TARGET_NAME)";
				SWIFT_EMIT_LOC_STRINGS = YES;
				SWIFT_VERSION = 5.0;
				TARGETED_DEVICE_FAMILY = "1,2";
			};
			name = Debug;
		};
		5EB12A502A8A77BB004286D1 /* Release */ = {
			isa = XCBuildConfiguration;
			buildSettings = {
				ALWAYS_EMBED_SWIFT_STANDARD_LIBRARIES = YES;
				ASSETCATALOG_COMPILER_APPICON_NAME = AppIcon;
				ASSETCATALOG_COMPILER_GLOBAL_ACCENT_COLOR_NAME = AccentColor;
				CODE_SIGN_STYLE = Automatic;
				CURRENT_PROJECT_VERSION = 1;
				DEVELOPMENT_TEAM = SJSFBHND4A;
				GENERATE_INFOPLIST_FILE = YES;
				INFOPLIST_FILE = Project19/Info.plist;
				INFOPLIST_KEY_UIApplicationSupportsIndirectInputEvents = YES;
				INFOPLIST_KEY_UILaunchStoryboardName = LaunchScreen;
				INFOPLIST_KEY_UIMainStoryboardFile = Main;
				INFOPLIST_KEY_UISupportedInterfaceOrientations_iPad = "UIInterfaceOrientationPortrait UIInterfaceOrientationPortraitUpsideDown UIInterfaceOrientationLandscapeLeft UIInterfaceOrientationLandscapeRight";
				INFOPLIST_KEY_UISupportedInterfaceOrientations_iPhone = "UIInterfaceOrientationPortrait UIInterfaceOrientationLandscapeLeft UIInterfaceOrientationLandscapeRight";
				LD_RUNPATH_SEARCH_PATHS = (
					"$(inherited)",
					"@executable_path/Frameworks",
				);
				MARKETING_VERSION = 1.0;
				PRODUCT_BUNDLE_IDENTIFIER = com.eyeiai.Project19;
				PRODUCT_NAME = "$(TARGET_NAME)";
				SWIFT_EMIT_LOC_STRINGS = YES;
				SWIFT_VERSION = 5.0;
				TARGETED_DEVICE_FAMILY = "1,2";
			};
			name = Release;
		};
		5EB12A662A8A78F5004286D1 /* Debug */ = {
			isa = XCBuildConfiguration;
			buildSettings = {
				CODE_SIGN_STYLE = Automatic;
				CURRENT_PROJECT_VERSION = 1;
				DEVELOPMENT_TEAM = SJSFBHND4A;
				GENERATE_INFOPLIST_FILE = YES;
				INFOPLIST_FILE = Extension/Info.plist;
				INFOPLIST_KEY_CFBundleDisplayName = Extension;
				INFOPLIST_KEY_NSHumanReadableCopyright = "";
				LD_RUNPATH_SEARCH_PATHS = (
					"$(inherited)",
					"@executable_path/Frameworks",
					"@executable_path/../../Frameworks",
				);
				MARKETING_VERSION = 1.0;
				PRODUCT_BUNDLE_IDENTIFIER = com.eyeiai.Project19.Extension;
				PRODUCT_NAME = "$(TARGET_NAME)";
				SKIP_INSTALL = YES;
				SWIFT_EMIT_LOC_STRINGS = YES;
				SWIFT_VERSION = 5.0;
				TARGETED_DEVICE_FAMILY = "1,2";
			};
			name = Debug;
		};
		5EB12A672A8A78F5004286D1 /* Release */ = {
			isa = XCBuildConfiguration;
			buildSettings = {
				CODE_SIGN_STYLE = Automatic;
				CURRENT_PROJECT_VERSION = 1;
				DEVELOPMENT_TEAM = SJSFBHND4A;
				GENERATE_INFOPLIST_FILE = YES;
				INFOPLIST_FILE = Extension/Info.plist;
				INFOPLIST_KEY_CFBundleDisplayName = Extension;
				INFOPLIST_KEY_NSHumanReadableCopyright = "";
				LD_RUNPATH_SEARCH_PATHS = (
					"$(inherited)",
					"@executable_path/Frameworks",
					"@executable_path/../../Frameworks",
				);
				MARKETING_VERSION = 1.0;
				PRODUCT_BUNDLE_IDENTIFIER = com.eyeiai.Project19.Extension;
				PRODUCT_NAME = "$(TARGET_NAME)";
				SKIP_INSTALL = YES;
				SWIFT_EMIT_LOC_STRINGS = YES;
				SWIFT_VERSION = 5.0;
				TARGETED_DEVICE_FAMILY = "1,2";
			};
			name = Release;
		};
/* End XCBuildConfiguration section */

/* Begin XCConfigurationList section */
		5EB12A352A8A77B9004286D1 /* Build configuration list for PBXProject "Project19" */ = {
			isa = XCConfigurationList;
			buildConfigurations = (
				5EB12A4C2A8A77BB004286D1 /* Debug */,
				5EB12A4D2A8A77BB004286D1 /* Release */,
			);
			defaultConfigurationIsVisible = 0;
			defaultConfigurationName = Release;
		};
		5EB12A4E2A8A77BB004286D1 /* Build configuration list for PBXNativeTarget "Project19" */ = {
			isa = XCConfigurationList;
			buildConfigurations = (
				5EB12A4F2A8A77BB004286D1 /* Debug */,
				5EB12A502A8A77BB004286D1 /* Release */,
			);
			defaultConfigurationIsVisible = 0;
			defaultConfigurationName = Release;
		};
		5EB12A652A8A78F5004286D1 /* Build configuration list for PBXNativeTarget "Extension" */ = {
			isa = XCConfigurationList;
			buildConfigurations = (
				5EB12A662A8A78F5004286D1 /* Debug */,
				5EB12A672A8A78F5004286D1 /* Release */,
			);
			defaultConfigurationIsVisible = 0;
			defaultConfigurationName = Release;
		};
/* End XCConfigurationList section */
	};
	rootObject = 5EB12A322A8A77B9004286D1 /* Project object */;
}
