// !$*UTF8*$!
{
	archiveVersion = 1;
	classes = {
	};
	objectVersion = 56;
	objects = {

/* Begin PBXBuildFile section */
		5EE107682A94F21D00FBDA32 /* AppDelegate.swift in Sources */ = {isa = PBXBuildFile; fileRef = 5EE107672A94F21D00FBDA32 /* AppDelegate.swift */; };
		5EE1076A2A94F21D00FBDA32 /* GameScene.sks in Resources */ = {isa = PBXBuildFile; fileRef = 5EE107692A94F21D00FBDA32 /* GameScene.sks */; };
		5EE1076E2A94F21D00FBDA32 /* GameScene.swift in Sources */ = {isa = PBXBuildFile; fileRef = 5EE1076D2A94F21D00FBDA32 /* GameScene.swift */; };
		5EE107702A94F21D00FBDA32 /* GameViewController.swift in Sources */ = {isa = PBXBuildFile; fileRef = 5EE1076F2A94F21D00FBDA32 /* GameViewController.swift */; };
		5EE107732A94F21D00FBDA32 /* Main.storyboard in Resources */ = {isa = PBXBuildFile; fileRef = 5EE107712A94F21D00FBDA32 /* Main.storyboard */; };
		5EE107752A94F21F00FBDA32 /* Assets.xcassets in Resources */ = {isa = PBXBuildFile; fileRef = 5EE107742A94F21F00FBDA32 /* Assets.xcassets */; };
		5EE107782A94F21F00FBDA32 /* LaunchScreen.storyboard in Resources */ = {isa = PBXBuildFile; fileRef = 5EE107762A94F21F00FBDA32 /* LaunchScreen.storyboard */; };
		5EE107882A94F3A000FBDA32 /* swoosh1.caf in Resources */ = {isa = PBXBuildFile; fileRef = 5EE1077E2A94F39F00FBDA32 /* swoosh1.caf */; };
		5EE107892A94F3A000FBDA32 /* swoosh2.caf in Resources */ = {isa = PBXBuildFile; fileRef = 5EE1077F2A94F39F00FBDA32 /* swoosh2.caf */; };
		5EE1078A2A94F3A000FBDA32 /* whack.caf in Resources */ = {isa = PBXBuildFile; fileRef = 5EE107802A94F39F00FBDA32 /* whack.caf */; };
		5EE1078B2A94F3A000FBDA32 /* sliceBombFuse.caf in Resources */ = {isa = PBXBuildFile; fileRef = 5EE107812A94F39F00FBDA32 /* sliceBombFuse.caf */; };
		5EE1078C2A94F3A000FBDA32 /* sliceHitBomb.sks in Resources */ = {isa = PBXBuildFile; fileRef = 5EE107822A94F39F00FBDA32 /* sliceHitBomb.sks */; };
		5EE1078D2A94F3A000FBDA32 /* launch.caf in Resources */ = {isa = PBXBuildFile; fileRef = 5EE107832A94F39F00FBDA32 /* launch.caf */; };
		5EE1078E2A94F3A000FBDA32 /* explosion.caf in Resources */ = {isa = PBXBuildFile; fileRef = 5EE107842A94F39F00FBDA32 /* explosion.caf */; };
		5EE1078F2A94F3A000FBDA32 /* wrong.caf in Resources */ = {isa = PBXBuildFile; fileRef = 5EE107852A94F39F00FBDA32 /* wrong.caf */; };
		5EE107902A94F3A000FBDA32 /* sliceHitEnemy.sks in Resources */ = {isa = PBXBuildFile; fileRef = 5EE107862A94F39F00FBDA32 /* sliceHitEnemy.sks */; };
		5EE107912A94F3A000FBDA32 /* sliceFuse.sks in Resources */ = {isa = PBXBuildFile; fileRef = 5EE107872A94F39F00FBDA32 /* sliceFuse.sks */; };
/* End PBXBuildFile section */

/* Begin PBXFileReference section */
		5EE107642A94F21D00FBDA32 /* Project23.app */ = {isa = PBXFileReference; explicitFileType = wrapper.application; includeInIndex = 0; path = Project23.app; sourceTree = BUILT_PRODUCTS_DIR; };
		5EE107672A94F21D00FBDA32 /* AppDelegate.swift */ = {isa = PBXFileReference; lastKnownFileType = sourcecode.swift; path = AppDelegate.swift; sourceTree = "<group>"; };
		5EE107692A94F21D00FBDA32 /* GameScene.sks */ = {isa = PBXFileReference; lastKnownFileType = file.sks; path = GameScene.sks; sourceTree = "<group>"; };
		5EE1076D2A94F21D00FBDA32 /* GameScene.swift */ = {isa = PBXFileReference; lastKnownFileType = sourcecode.swift; path = GameScene.swift; sourceTree = "<group>"; };
		5EE1076F2A94F21D00FBDA32 /* GameViewController.swift */ = {isa = PBXFileReference; lastKnownFileType = sourcecode.swift; path = GameViewController.swift; sourceTree = "<group>"; };
		5EE107722A94F21D00FBDA32 /* Base */ = {isa = PBXFileReference; lastKnownFileType = file.storyboard; name = Base; path = Base.lproj/Main.storyboard; sourceTree = "<group>"; };
		5EE107742A94F21F00FBDA32 /* Assets.xcassets */ = {isa = PBXFileReference; lastKnownFileType = folder.assetcatalog; path = Assets.xcassets; sourceTree = "<group>"; };
		5EE107772A94F21F00FBDA32 /* Base */ = {isa = PBXFileReference; lastKnownFileType = file.storyboard; name = Base; path = Base.lproj/LaunchScreen.storyboard; sourceTree = "<group>"; };
		5EE1077E2A94F39F00FBDA32 /* swoosh1.caf */ = {isa = PBXFileReference; lastKnownFileType = file; path = swoosh1.caf; sourceTree = "<group>"; };
		5EE1077F2A94F39F00FBDA32 /* swoosh2.caf */ = {isa = PBXFileReference; lastKnownFileType = file; path = swoosh2.caf; sourceTree = "<group>"; };
		5EE107802A94F39F00FBDA32 /* whack.caf */ = {isa = PBXFileReference; lastKnownFileType = file; path = whack.caf; sourceTree = "<group>"; };
		5EE107812A94F39F00FBDA32 /* sliceBombFuse.caf */ = {isa = PBXFileReference; lastKnownFileType = file; path = sliceBombFuse.caf; sourceTree = "<group>"; };
		5EE107822A94F39F00FBDA32 /* sliceHitBomb.sks */ = {isa = PBXFileReference; lastKnownFileType = file.sks; path = sliceHitBomb.sks; sourceTree = "<group>"; };
		5EE107832A94F39F00FBDA32 /* launch.caf */ = {isa = PBXFileReference; lastKnownFileType = file; path = launch.caf; sourceTree = "<group>"; };
		5EE107842A94F39F00FBDA32 /* explosion.caf */ = {isa = PBXFileReference; lastKnownFileType = file; path = explosion.caf; sourceTree = "<group>"; };
		5EE107852A94F39F00FBDA32 /* wrong.caf */ = {isa = PBXFileReference; lastKnownFileType = file; path = wrong.caf; sourceTree = "<group>"; };
		5EE107862A94F39F00FBDA32 /* sliceHitEnemy.sks */ = {isa = PBXFileReference; lastKnownFileType = file.sks; path = sliceHitEnemy.sks; sourceTree = "<group>"; };
		5EE107872A94F39F00FBDA32 /* sliceFuse.sks */ = {isa = PBXFileReference; lastKnownFileType = file.sks; path = sliceFuse.sks; sourceTree = "<group>"; };
/* End PBXFileReference section */

/* Begin PBXFrameworksBuildPhase section */
		5EE107612A94F21D00FBDA32 /* Frameworks */ = {
			isa = PBXFrameworksBuildPhase;
			buildActionMask = 2147483647;
			files = (
			);
			runOnlyForDeploymentPostprocessing = 0;
		};
/* End PBXFrameworksBuildPhase section */

/* Begin PBXGroup section */
		5EE1075B2A94F21D00FBDA32 = {
			isa = PBXGroup;
			children = (
				5EE107662A94F21D00FBDA32 /* Project23 */,
				5EE107652A94F21D00FBDA32 /* Products */,
			);
			sourceTree = "<group>";
		};
		5EE107652A94F21D00FBDA32 /* Products */ = {
			isa = PBXGroup;
			children = (
				5EE107642A94F21D00FBDA32 /* Project23.app */,
			);
			name = Products;
			sourceTree = "<group>";
		};
		5EE107662A94F21D00FBDA32 /* Project23 */ = {
			isa = PBXGroup;
			children = (
				5EE107672A94F21D00FBDA32 /* AppDelegate.swift */,
				5EE107692A94F21D00FBDA32 /* GameScene.sks */,
				5EE1076D2A94F21D00FBDA32 /* GameScene.swift */,
				5EE1076F2A94F21D00FBDA32 /* GameViewController.swift */,
				5EE107712A94F21D00FBDA32 /* Main.storyboard */,
				5EE107742A94F21F00FBDA32 /* Assets.xcassets */,
				5EE107762A94F21F00FBDA32 /* LaunchScreen.storyboard */,
				5EE107842A94F39F00FBDA32 /* explosion.caf */,
				5EE107832A94F39F00FBDA32 /* launch.caf */,
				5EE107812A94F39F00FBDA32 /* sliceBombFuse.caf */,
				5EE107872A94F39F00FBDA32 /* sliceFuse.sks */,
				5EE107822A94F39F00FBDA32 /* sliceHitBomb.sks */,
				5EE107862A94F39F00FBDA32 /* sliceHitEnemy.sks */,
				5EE1077E2A94F39F00FBDA32 /* swoosh1.caf */,
				5EE1077F2A94F39F00FBDA32 /* swoosh2.caf */,
				5EE107802A94F39F00FBDA32 /* whack.caf */,
				5EE107852A94F39F00FBDA32 /* wrong.caf */,
			);
			path = Project23;
			sourceTree = "<group>";
		};
/* End PBXGroup section */

/* Begin PBXNativeTarget section */
		5EE107632A94F21D00FBDA32 /* Project23 */ = {
			isa = PBXNativeTarget;
			buildConfigurationList = 5EE1077B2A94F21F00FBDA32 /* Build configuration list for PBXNativeTarget "Project23" */;
			buildPhases = (
				5EE107602A94F21D00FBDA32 /* Sources */,
				5EE107612A94F21D00FBDA32 /* Frameworks */,
				5EE107622A94F21D00FBDA32 /* Resources */,
			);
			buildRules = (
			);
			dependencies = (
			);
			name = Project23;
			productName = Project23;
			productReference = 5EE107642A94F21D00FBDA32 /* Project23.app */;
			productType = "com.apple.product-type.application";
		};
/* End PBXNativeTarget section */

/* Begin PBXProject section */
		5EE1075C2A94F21D00FBDA32 /* Project object */ = {
			isa = PBXProject;
			attributes = {
				BuildIndependentTargetsInParallel = 1;
				LastSwiftUpdateCheck = 1430;
				LastUpgradeCheck = 1430;
				TargetAttributes = {
					5EE107632A94F21D00FBDA32 = {
						CreatedOnToolsVersion = 14.3;
					};
				};
			};
			buildConfigurationList = 5EE1075F2A94F21D00FBDA32 /* Build configuration list for PBXProject "Project23" */;
			compatibilityVersion = "Xcode 14.0";
			developmentRegion = en;
			hasScannedForEncodings = 0;
			knownRegions = (
				en,
				Base,
			);
			mainGroup = 5EE1075B2A94F21D00FBDA32;
			productRefGroup = 5EE107652A94F21D00FBDA32 /* Products */;
			projectDirPath = "";
			projectRoot = "";
			targets = (
				5EE107632A94F21D00FBDA32 /* Project23 */,
			);
		};
/* End PBXProject section */

/* Begin PBXResourcesBuildPhase section */
		5EE107622A94F21D00FBDA32 /* Resources */ = {
			isa = PBXResourcesBuildPhase;
			buildActionMask = 2147483647;
			files = (
				5EE1078C2A94F3A000FBDA32 /* sliceHitBomb.sks in Resources */,
				5EE1078D2A94F3A000FBDA32 /* launch.caf in Resources */,
				5EE107732A94F21D00FBDA32 /* Main.storyboard in Resources */,
				5EE107882A94F3A000FBDA32 /* swoosh1.caf in Resources */,
				5EE1078E2A94F3A000FBDA32 /* explosion.caf in Resources */,
				5EE107912A94F3A000FBDA32 /* sliceFuse.sks in Resources */,
				5EE1078A2A94F3A000FBDA32 /* whack.caf in Resources */,
				5EE107892A94F3A000FBDA32 /* swoosh2.caf in Resources */,
				5EE1078B2A94F3A000FBDA32 /* sliceBombFuse.caf in Resources */,
				5EE107902A94F3A000FBDA32 /* sliceHitEnemy.sks in Resources */,
				5EE1076A2A94F21D00FBDA32 /* GameScene.sks in Resources */,
				5EE107752A94F21F00FBDA32 /* Assets.xcassets in Resources */,
				5EE1078F2A94F3A000FBDA32 /* wrong.caf in Resources */,
				5EE107782A94F21F00FBDA32 /* LaunchScreen.storyboard in Resources */,
			);
			runOnlyForDeploymentPostprocessing = 0;
		};
/* End PBXResourcesBuildPhase section */

/* Begin PBXSourcesBuildPhase section */
		5EE107602A94F21D00FBDA32 /* Sources */ = {
			isa = PBXSourcesBuildPhase;
			buildActionMask = 2147483647;
			files = (
				5EE1076E2A94F21D00FBDA32 /* GameScene.swift in Sources */,
				5EE107702A94F21D00FBDA32 /* GameViewController.swift in Sources */,
				5EE107682A94F21D00FBDA32 /* AppDelegate.swift in Sources */,
			);
			runOnlyForDeploymentPostprocessing = 0;
		};
/* End PBXSourcesBuildPhase section */

/* Begin PBXVariantGroup section */
		5EE107712A94F21D00FBDA32 /* Main.storyboard */ = {
			isa = PBXVariantGroup;
			children = (
				5EE107722A94F21D00FBDA32 /* Base */,
			);
			name = Main.storyboard;
			sourceTree = "<group>";
		};
		5EE107762A94F21F00FBDA32 /* LaunchScreen.storyboard */ = {
			isa = PBXVariantGroup;
			children = (
				5EE107772A94F21F00FBDA32 /* Base */,
			);
			name = LaunchScreen.storyboard;
			sourceTree = "<group>";
		};
/* End PBXVariantGroup section */

/* Begin XCBuildConfiguration section */
		5EE107792A94F21F00FBDA32 /* Debug */ = {
			isa = XCBuildConfiguration;
			buildSettings = {
				ALWAYS_SEARCH_USER_PATHS = NO;
				CLANG_ANALYZER_NONNULL = YES;
				CLANG_ANALYZER_NUMBER_OBJECT_CONVERSION = YES_AGGRESSIVE;
				CLANG_CXX_LANGUAGE_STANDARD = "gnu++20";
				CLANG_ENABLE_MODULES = YES;
				CLANG_ENABLE_OBJC_ARC = YES;
				CLANG_ENABLE_OBJC_WEAK = YES;
				CLANG_WARN_BLOCK_CAPTURE_AUTORELEASING = YES;
				CLANG_WARN_BOOL_CONVERSION = YES;
				CLANG_WARN_COMMA = YES;
				CLANG_WARN_CONSTANT_CONVERSION = YES;
				CLANG_WARN_DEPRECATED_OBJC_IMPLEMENTATIONS = YES;
				CLANG_WARN_DIRECT_OBJC_ISA_USAGE = YES_ERROR;
				CLANG_WARN_DOCUMENTATION_COMMENTS = YES;
				CLANG_WARN_EMPTY_BODY = YES;
				CLANG_WARN_ENUM_CONVERSION = YES;
				CLANG_WARN_INFINITE_RECURSION = YES;
				CLANG_WARN_INT_CONVERSION = YES;
				CLANG_WARN_NON_LITERAL_NULL_CONVERSION = YES;
				CLANG_WARN_OBJC_IMPLICIT_RETAIN_SELF = YES;
				CLANG_WARN_OBJC_LITERAL_CONVERSION = YES;
				CLANG_WARN_OBJC_ROOT_CLASS = YES_ERROR;
				CLANG_WARN_QUOTED_INCLUDE_IN_FRAMEWORK_HEADER = YES;
				CLANG_WARN_RANGE_LOOP_ANALYSIS = YES;
				CLANG_WARN_STRICT_PROTOTYPES = YES;
				CLANG_WARN_SUSPICIOUS_MOVE = YES;
				CLANG_WARN_UNGUARDED_AVAILABILITY = YES_AGGRESSIVE;
				CLANG_WARN_UNREACHABLE_CODE = YES;
				CLANG_WARN__DUPLICATE_METHOD_MATCH = YES;
				COPY_PHASE_STRIP = NO;
				DEBUG_INFORMATION_FORMAT = dwarf;
				ENABLE_STRICT_OBJC_MSGSEND = YES;
				ENABLE_TESTABILITY = YES;
				GCC_C_LANGUAGE_STANDARD = gnu11;
				GCC_DYNAMIC_NO_PIC = NO;
				GCC_NO_COMMON_BLOCKS = YES;
				GCC_OPTIMIZATION_LEVEL = 0;
				GCC_PREPROCESSOR_DEFINITIONS = (
					"DEBUG=1",
					"$(inherited)",
				);
				GCC_WARN_64_TO_32_BIT_CONVERSION = YES;
				GCC_WARN_ABOUT_RETURN_TYPE = YES_ERROR;
				GCC_WARN_UNDECLARED_SELECTOR = YES;
				GCC_WARN_UNINITIALIZED_AUTOS = YES_AGGRESSIVE;
				GCC_WARN_UNUSED_FUNCTION = YES;
				GCC_WARN_UNUSED_VARIABLE = YES;
				IPHONEOS_DEPLOYMENT_TARGET = 16.4;
				MTL_ENABLE_DEBUG_INFO = INCLUDE_SOURCE;
				MTL_FAST_MATH = YES;
				ONLY_ACTIVE_ARCH = YES;
				SDKROOT = iphoneos;
				SWIFT_ACTIVE_COMPILATION_CONDITIONS = DEBUG;
				SWIFT_OPTIMIZATION_LEVEL = "-Onone";
			};
			name = Debug;
		};
		5EE1077A2A94F21F00FBDA32 /* Release */ = {
			isa = XCBuildConfiguration;
			buildSettings = {
				ALWAYS_SEARCH_USER_PATHS = NO;
				CLANG_ANALYZER_NONNULL = YES;
				CLANG_ANALYZER_NUMBER_OBJECT_CONVERSION = YES_AGGRESSIVE;
				CLANG_CXX_LANGUAGE_STANDARD = "gnu++20";
				CLANG_ENABLE_MODULES = YES;
				CLANG_ENABLE_OBJC_ARC = YES;
				CLANG_ENABLE_OBJC_WEAK = YES;
				CLANG_WARN_BLOCK_CAPTURE_AUTORELEASING = YES;
				CLANG_WARN_BOOL_CONVERSION = YES;
				CLANG_WARN_COMMA = YES;
				CLANG_WARN_CONSTANT_CONVERSION = YES;
				CLANG_WARN_DEPRECATED_OBJC_IMPLEMENTATIONS = YES;
				CLANG_WARN_DIRECT_OBJC_ISA_USAGE = YES_ERROR;
				CLANG_WARN_DOCUMENTATION_COMMENTS = YES;
				CLANG_WARN_EMPTY_BODY = YES;
				CLANG_WARN_ENUM_CONVERSION = YES;
				CLANG_WARN_INFINITE_RECURSION = YES;
				CLANG_WARN_INT_CONVERSION = YES;
				CLANG_WARN_NON_LITERAL_NULL_CONVERSION = YES;
				CLANG_WARN_OBJC_IMPLICIT_RETAIN_SELF = YES;
				CLANG_WARN_OBJC_LITERAL_CONVERSION = YES;
				CLANG_WARN_OBJC_ROOT_CLASS = YES_ERROR;
				CLANG_WARN_QUOTED_INCLUDE_IN_FRAMEWORK_HEADER = YES;
				CLANG_WARN_RANGE_LOOP_ANALYSIS = YES;
				CLANG_WARN_STRICT_PROTOTYPES = YES;
				CLANG_WARN_SUSPICIOUS_MOVE = YES;
				CLANG_WARN_UNGUARDED_AVAILABILITY = YES_AGGRESSIVE;
				CLANG_WARN_UNREACHABLE_CODE = YES;
				CLANG_WARN__DUPLICATE_METHOD_MATCH = YES;
				COPY_PHASE_STRIP = NO;
				DEBUG_INFORMATION_FORMAT = "dwarf-with-dsym";
				ENABLE_NS_ASSERTIONS = NO;
				ENABLE_STRICT_OBJC_MSGSEND = YES;
				GCC_C_LANGUAGE_STANDARD = gnu11;
				GCC_NO_COMMON_BLOCKS = YES;
				GCC_WARN_64_TO_32_BIT_CONVERSION = YES;
				GCC_WARN_ABOUT_RETURN_TYPE = YES_ERROR;
				GCC_WARN_UNDECLARED_SELECTOR = YES;
				GCC_WARN_UNINITIALIZED_AUTOS = YES_AGGRESSIVE;
				GCC_WARN_UNUSED_FUNCTION = YES;
				GCC_WARN_UNUSED_VARIABLE = YES;
				IPHONEOS_DEPLOYMENT_TARGET = 16.4;
				MTL_ENABLE_DEBUG_INFO = NO;
				MTL_FAST_MATH = YES;
				SDKROOT = iphoneos;
				SWIFT_COMPILATION_MODE = wholemodule;
				SWIFT_OPTIMIZATION_LEVEL = "-O";
				VALIDATE_PRODUCT = YES;
			};
			name = Release;
		};
		5EE1077C2A94F21F00FBDA32 /* Debug */ = {
			isa = XCBuildConfiguration;
			buildSettings = {
				ASSETCATALOG_COMPILER_APPICON_NAME = AppIcon;
				ASSETCATALOG_COMPILER_GLOBAL_ACCENT_COLOR_NAME = AccentColor;
				CODE_SIGN_STYLE = Automatic;
				CURRENT_PROJECT_VERSION = 1;
				DEVELOPMENT_TEAM = SJSFBHND4A;
				GENERATE_INFOPLIST_FILE = YES;
				INFOPLIST_KEY_UIApplicationSupportsIndirectInputEvents = YES;
				INFOPLIST_KEY_UILaunchStoryboardName = LaunchScreen;
				INFOPLIST_KEY_UIMainStoryboardFile = Main;
				INFOPLIST_KEY_UIStatusBarHidden = YES;
				INFOPLIST_KEY_UISupportedInterfaceOrientations = "UIInterfaceOrientationLandscapeLeft UIInterfaceOrientationLandscapeRight UIInterfaceOrientationPortrait";
				INFOPLIST_KEY_UISupportedInterfaceOrientations_iPad = "UIInterfaceOrientationLandscapeLeft UIInterfaceOrientationLandscapeRight";
				LD_RUNPATH_SEARCH_PATHS = (
					"$(inherited)",
					"@executable_path/Frameworks",
				);
				MARKETING_VERSION = 1.0;
				PRODUCT_BUNDLE_IDENTIFIER = com.eyeiai.Project23;
				PRODUCT_NAME = "$(TARGET_NAME)";
				SUPPORTED_PLATFORMS = "iphoneos iphonesimulator";
				SUPPORTS_MACCATALYST = NO;
				SUPPORTS_MAC_DESIGNED_FOR_IPHONE_IPAD = NO;
				SWIFT_EMIT_LOC_STRINGS = YES;
				SWIFT_VERSION = 5.0;
				TARGETED_DEVICE_FAMILY = 2;
			};
			name = Debug;
		};
		5EE1077D2A94F21F00FBDA32 /* Release */ = {
			isa = XCBuildConfiguration;
			buildSettings = {
				ASSETCATALOG_COMPILER_APPICON_NAME = AppIcon;
				ASSETCATALOG_COMPILER_GLOBAL_ACCENT_COLOR_NAME = AccentColor;
				CODE_SIGN_STYLE = Automatic;
				CURRENT_PROJECT_VERSION = 1;
				DEVELOPMENT_TEAM = SJSFBHND4A;
				GENERATE_INFOPLIST_FILE = YES;
				INFOPLIST_KEY_UIApplicationSupportsIndirectInputEvents = YES;
				INFOPLIST_KEY_UILaunchStoryboardName = LaunchScreen;
				INFOPLIST_KEY_UIMainStoryboardFile = Main;
				INFOPLIST_KEY_UIStatusBarHidden = YES;
				INFOPLIST_KEY_UISupportedInterfaceOrientations = "UIInterfaceOrientationLandscapeLeft UIInterfaceOrientationLandscapeRight UIInterfaceOrientationPortrait";
				INFOPLIST_KEY_UISupportedInterfaceOrientations_iPad = "UIInterfaceOrientationLandscapeLeft UIInterfaceOrientationLandscapeRight";
				LD_RUNPATH_SEARCH_PATHS = (
					"$(inherited)",
					"@executable_path/Frameworks",
				);
				MARKETING_VERSION = 1.0;
				PRODUCT_BUNDLE_IDENTIFIER = com.eyeiai.Project23;
				PRODUCT_NAME = "$(TARGET_NAME)";
				SUPPORTED_PLATFORMS = "iphoneos iphonesimulator";
				SUPPORTS_MACCATALYST = NO;
				SUPPORTS_MAC_DESIGNED_FOR_IPHONE_IPAD = NO;
				SWIFT_EMIT_LOC_STRINGS = YES;
				SWIFT_VERSION = 5.0;
				TARGETED_DEVICE_FAMILY = 2;
			};
			name = Release;
		};
/* End XCBuildConfiguration section */

/* Begin XCConfigurationList section */
		5EE1075F2A94F21D00FBDA32 /* Build configuration list for PBXProject "Project23" */ = {
			isa = XCConfigurationList;
			buildConfigurations = (
				5EE107792A94F21F00FBDA32 /* Debug */,
				5EE1077A2A94F21F00FBDA32 /* Release */,
			);
			defaultConfigurationIsVisible = 0;
			defaultConfigurationName = Release;
		};
		5EE1077B2A94F21F00FBDA32 /* Build configuration list for PBXNativeTarget "Project23" */ = {
			isa = XCConfigurationList;
			buildConfigurations = (
				5EE1077C2A94F21F00FBDA32 /* Debug */,
				5EE1077D2A94F21F00FBDA32 /* Release */,
			);
			defaultConfigurationIsVisible = 0;
			defaultConfigurationName = Release;
		};
/* End XCConfigurationList section */
	};
	rootObject = 5EE1075C2A94F21D00FBDA32 /* Project object */;
}
