// !$*UTF8*$!
{
	archiveVersion = 1;
	classes = {
	};
	objectVersion = 56;
	objects = {

/* Begin PBXBuildFile section */
		5EE81C652AEBE33B00E78272 /* AppDelegate.swift in Sources */ = {isa = PBXBuildFile; fileRef = 5EE81C642AEBE33B00E78272 /* AppDelegate.swift */; };
		5EE81C672AEBE33B00E78272 /* GameScene.sks in Resources */ = {isa = PBXBuildFile; fileRef = 5EE81C662AEBE33B00E78272 /* GameScene.sks */; };
		5EE81C6B2AEBE33B00E78272 /* GameScene.swift in Sources */ = {isa = PBXBuildFile; fileRef = 5EE81C6A2AEBE33B00E78272 /* GameScene.swift */; };
		5EE81C6D2AEBE33B00E78272 /* GameViewController.swift in Sources */ = {isa = PBXBuildFile; fileRef = 5EE81C6C2AEBE33B00E78272 /* GameViewController.swift */; };
		5EE81C702AEBE33B00E78272 /* Main.storyboard in Resources */ = {isa = PBXBuildFile; fileRef = 5EE81C6E2AEBE33B00E78272 /* Main.storyboard */; };
		5EE81C722AEBE33E00E78272 /* Assets.xcassets in Resources */ = {isa = PBXBuildFile; fileRef = 5EE81C712AEBE33E00E78272 /* Assets.xcassets */; };
		5EE81C752AEBE33E00E78272 /* LaunchScreen.storyboard in Resources */ = {isa = PBXBuildFile; fileRef = 5EE81C732AEBE33E00E78272 /* LaunchScreen.storyboard */; };
		5EE81C7C2AEBE4B600E78272 /* BuildingNode.swift in Sources */ = {isa = PBXBuildFile; fileRef = 5EE81C7B2AEBE4B600E78272 /* BuildingNode.swift */; };
		5EE81C7F2AEFEF2400E78272 /* hitPlayer.sks in Resources */ = {isa = PBXBuildFile; fileRef = 5EE81C7D2AEFEF2400E78272 /* hitPlayer.sks */; };
		5EE81C802AEFEF2400E78272 /* hitBuilding.sks in Resources */ = {isa = PBXBuildFile; fileRef = 5EE81C7E2AEFEF2400E78272 /* hitBuilding.sks */; };
/* End PBXBuildFile section */

/* Begin PBXFileReference section */
		5EE81C612AEBE33B00E78272 /* Project29.app */ = {isa = PBXFileReference; explicitFileType = wrapper.application; includeInIndex = 0; path = Project29.app; sourceTree = BUILT_PRODUCTS_DIR; };
		5EE81C642AEBE33B00E78272 /* AppDelegate.swift */ = {isa = PBXFileReference; lastKnownFileType = sourcecode.swift; path = AppDelegate.swift; sourceTree = "<group>"; };
		5EE81C662AEBE33B00E78272 /* GameScene.sks */ = {isa = PBXFileReference; lastKnownFileType = file.sks; path = GameScene.sks; sourceTree = "<group>"; };
		5EE81C6A2AEBE33B00E78272 /* GameScene.swift */ = {isa = PBXFileReference; lastKnownFileType = sourcecode.swift; path = GameScene.swift; sourceTree = "<group>"; };
		5EE81C6C2AEBE33B00E78272 /* GameViewController.swift */ = {isa = PBXFileReference; lastKnownFileType = sourcecode.swift; path = GameViewController.swift; sourceTree = "<group>"; };
		5EE81C6F2AEBE33B00E78272 /* Base */ = {isa = PBXFileReference; lastKnownFileType = file.storyboard; name = Base; path = Base.lproj/Main.storyboard; sourceTree = "<group>"; };
		5EE81C712AEBE33E00E78272 /* Assets.xcassets */ = {isa = PBXFileReference; lastKnownFileType = folder.assetcatalog; path = Assets.xcassets; sourceTree = "<group>"; };
		5EE81C742AEBE33E00E78272 /* Base */ = {isa = PBXFileReference; lastKnownFileType = file.storyboard; name = Base; path = Base.lproj/LaunchScreen.storyboard; sourceTree = "<group>"; };
		5EE81C7B2AEBE4B600E78272 /* BuildingNode.swift */ = {isa = PBXFileReference; lastKnownFileType = sourcecode.swift; path = BuildingNode.swift; sourceTree = "<group>"; };
		5EE81C7D2AEFEF2400E78272 /* hitPlayer.sks */ = {isa = PBXFileReference; lastKnownFileType = file.sks; path = hitPlayer.sks; sourceTree = "<group>"; };
		5EE81C7E2AEFEF2400E78272 /* hitBuilding.sks */ = {isa = PBXFileReference; lastKnownFileType = file.sks; path = hitBuilding.sks; sourceTree = "<group>"; };
/* End PBXFileReference section */

/* Begin PBXFrameworksBuildPhase section */
		5EE81C5E2AEBE33A00E78272 /* Frameworks */ = {
			isa = PBXFrameworksBuildPhase;
			buildActionMask = 2147483647;
			files = (
			);
			runOnlyForDeploymentPostprocessing = 0;
		};
/* End PBXFrameworksBuildPhase section */

/* Begin PBXGroup section */
		5EE81C582AEBE33A00E78272 = {
			isa = PBXGroup;
			children = (
				5EE81C632AEBE33B00E78272 /* Project29 */,
				5EE81C622AEBE33B00E78272 /* Products */,
			);
			sourceTree = "<group>";
		};
		5EE81C622AEBE33B00E78272 /* Products */ = {
			isa = PBXGroup;
			children = (
				5EE81C612AEBE33B00E78272 /* Project29.app */,
			);
			name = Products;
			sourceTree = "<group>";
		};
		5EE81C632AEBE33B00E78272 /* Project29 */ = {
			isa = PBXGroup;
			children = (
				5EE81C642AEBE33B00E78272 /* AppDelegate.swift */,
				5EE81C662AEBE33B00E78272 /* GameScene.sks */,
				5EE81C6A2AEBE33B00E78272 /* GameScene.swift */,
				5EE81C7B2AEBE4B600E78272 /* BuildingNode.swift */,
				5EE81C6C2AEBE33B00E78272 /* GameViewController.swift */,
				5EE81C6E2AEBE33B00E78272 /* Main.storyboard */,
				5EE81C7E2AEFEF2400E78272 /* hitBuilding.sks */,
				5EE81C7D2AEFEF2400E78272 /* hitPlayer.sks */,
				5EE81C712AEBE33E00E78272 /* Assets.xcassets */,
				5EE81C732AEBE33E00E78272 /* LaunchScreen.storyboard */,
			);
			path = Project29;
			sourceTree = "<group>";
		};
/* End PBXGroup section */

/* Begin PBXNativeTarget section */
		5EE81C602AEBE33A00E78272 /* Project29 */ = {
			isa = PBXNativeTarget;
			buildConfigurationList = 5EE81C782AEBE33E00E78272 /* Build configuration list for PBXNativeTarget "Project29" */;
			buildPhases = (
				5EE81C5D2AEBE33A00E78272 /* Sources */,
				5EE81C5E2AEBE33A00E78272 /* Frameworks */,
				5EE81C5F2AEBE33A00E78272 /* Resources */,
			);
			buildRules = (
			);
			dependencies = (
			);
			name = Project29;
			productName = Project29;
			productReference = 5EE81C612AEBE33B00E78272 /* Project29.app */;
			productType = "com.apple.product-type.application";
		};
/* End PBXNativeTarget section */

/* Begin PBXProject section */
		5EE81C592AEBE33A00E78272 /* Project object */ = {
			isa = PBXProject;
			attributes = {
				BuildIndependentTargetsInParallel = 1;
				LastSwiftUpdateCheck = 1430;
				LastUpgradeCheck = 1430;
				TargetAttributes = {
					5EE81C602AEBE33A00E78272 = {
						CreatedOnToolsVersion = 14.3;
					};
				};
			};
			buildConfigurationList = 5EE81C5C2AEBE33A00E78272 /* Build configuration list for PBXProject "Project29" */;
			compatibilityVersion = "Xcode 14.0";
			developmentRegion = en;
			hasScannedForEncodings = 0;
			knownRegions = (
				en,
				Base,
			);
			mainGroup = 5EE81C582AEBE33A00E78272;
			productRefGroup = 5EE81C622AEBE33B00E78272 /* Products */;
			projectDirPath = "";
			projectRoot = "";
			targets = (
				5EE81C602AEBE33A00E78272 /* Project29 */,
			);
		};
/* End PBXProject section */

/* Begin PBXResourcesBuildPhase section */
		5EE81C5F2AEBE33A00E78272 /* Resources */ = {
			isa = PBXResourcesBuildPhase;
			buildActionMask = 2147483647;
			files = (
				5EE81C702AEBE33B00E78272 /* Main.storyboard in Resources */,
				5EE81C672AEBE33B00E78272 /* GameScene.sks in Resources */,
				5EE81C7F2AEFEF2400E78272 /* hitPlayer.sks in Resources */,
				5EE81C722AEBE33E00E78272 /* Assets.xcassets in Resources */,
				5EE81C752AEBE33E00E78272 /* LaunchScreen.storyboard in Resources */,
				5EE81C802AEFEF2400E78272 /* hitBuilding.sks in Resources */,
			);
			runOnlyForDeploymentPostprocessing = 0;
		};
/* End PBXResourcesBuildPhase section */

/* Begin PBXSourcesBuildPhase section */
		5EE81C5D2AEBE33A00E78272 /* Sources */ = {
			isa = PBXSourcesBuildPhase;
			buildActionMask = 2147483647;
			files = (
				5EE81C6B2AEBE33B00E78272 /* GameScene.swift in Sources */,
				5EE81C7C2AEBE4B600E78272 /* BuildingNode.swift in Sources */,
				5EE81C6D2AEBE33B00E78272 /* GameViewController.swift in Sources */,
				5EE81C652AEBE33B00E78272 /* AppDelegate.swift in Sources */,
			);
			runOnlyForDeploymentPostprocessing = 0;
		};
/* End PBXSourcesBuildPhase section */

/* Begin PBXVariantGroup section */
		5EE81C6E2AEBE33B00E78272 /* Main.storyboard */ = {
			isa = PBXVariantGroup;
			children = (
				5EE81C6F2AEBE33B00E78272 /* Base */,
			);
			name = Main.storyboard;
			sourceTree = "<group>";
		};
		5EE81C732AEBE33E00E78272 /* LaunchScreen.storyboard */ = {
			isa = PBXVariantGroup;
			children = (
				5EE81C742AEBE33E00E78272 /* Base */,
			);
			name = LaunchScreen.storyboard;
			sourceTree = "<group>";
		};
/* End PBXVariantGroup section */

/* Begin XCBuildConfiguration section */
		5EE81C762AEBE33E00E78272 /* Debug */ = {
			isa = XCBuildConfiguration;
			buildSettings = {
				ALWAYS_SEARCH_USER_PATHS = NO;
				CLANG_ANALYZER_NONNULL = YES;
				CLANG_ANALYZER_NUMBER_OBJECT_CONVERSION = YES_AGGRESSIVE;
				CLANG_CXX_LANGUAGE_STANDARD = "gnu++20";
				CLANG_ENABLE_MODULES = YES;
				CLANG_ENABLE_OBJC_ARC = YES;
				CLANG_ENABLE_OBJC_WEAK = YES;
				CLANG_WARN_BLOCK_CAPTURE_AUTORELEASING = YES;
				CLANG_WARN_BOOL_CONVERSION = YES;
				CLANG_WARN_COMMA = YES;
				CLANG_WARN_CONSTANT_CONVERSION = YES;
				CLANG_WARN_DEPRECATED_OBJC_IMPLEMENTATIONS = YES;
				CLANG_WARN_DIRECT_OBJC_ISA_USAGE = YES_ERROR;
				CLANG_WARN_DOCUMENTATION_COMMENTS = YES;
				CLANG_WARN_EMPTY_BODY = YES;
				CLANG_WARN_ENUM_CONVERSION = YES;
				CLANG_WARN_INFINITE_RECURSION = YES;
				CLANG_WARN_INT_CONVERSION = YES;
				CLANG_WARN_NON_LITERAL_NULL_CONVERSION = YES;
				CLANG_WARN_OBJC_IMPLICIT_RETAIN_SELF = YES;
				CLANG_WARN_OBJC_LITERAL_CONVERSION = YES;
				CLANG_WARN_OBJC_ROOT_CLASS = YES_ERROR;
				CLANG_WARN_QUOTED_INCLUDE_IN_FRAMEWORK_HEADER = YES;
				CLANG_WARN_RANGE_LOOP_ANALYSIS = YES;
				CLANG_WARN_STRICT_PROTOTYPES = YES;
				CLANG_WARN_SUSPICIOUS_MOVE = YES;
				CLANG_WARN_UNGUARDED_AVAILABILITY = YES_AGGRESSIVE;
				CLANG_WARN_UNREACHABLE_CODE = YES;
				CLANG_WARN__DUPLICATE_METHOD_MATCH = YES;
				COPY_PHASE_STRIP = NO;
				DEBUG_INFORMATION_FORMAT = dwarf;
				ENABLE_STRICT_OBJC_MSGSEND = YES;
				ENABLE_TESTABILITY = YES;
				GCC_C_LANGUAGE_STANDARD = gnu11;
				GCC_DYNAMIC_NO_PIC = NO;
				GCC_NO_COMMON_BLOCKS = YES;
				GCC_OPTIMIZATION_LEVEL = 0;
				GCC_PREPROCESSOR_DEFINITIONS = (
					"DEBUG=1",
					"$(inherited)",
				);
				GCC_WARN_64_TO_32_BIT_CONVERSION = YES;
				GCC_WARN_ABOUT_RETURN_TYPE = YES_ERROR;
				GCC_WARN_UNDECLARED_SELECTOR = YES;
				GCC_WARN_UNINITIALIZED_AUTOS = YES_AGGRESSIVE;
				GCC_WARN_UNUSED_FUNCTION = YES;
				GCC_WARN_UNUSED_VARIABLE = YES;
				IPHONEOS_DEPLOYMENT_TARGET = 16.4;
				MTL_ENABLE_DEBUG_INFO = INCLUDE_SOURCE;
				MTL_FAST_MATH = YES;
				ONLY_ACTIVE_ARCH = YES;
				SDKROOT = iphoneos;
				SWIFT_ACTIVE_COMPILATION_CONDITIONS = DEBUG;
				SWIFT_OPTIMIZATION_LEVEL = "-Onone";
			};
			name = Debug;
		};
		5EE81C772AEBE33E00E78272 /* Release */ = {
			isa = XCBuildConfiguration;
			buildSettings = {
				ALWAYS_SEARCH_USER_PATHS = NO;
				CLANG_ANALYZER_NONNULL = YES;
				CLANG_ANALYZER_NUMBER_OBJECT_CONVERSION = YES_AGGRESSIVE;
				CLANG_CXX_LANGUAGE_STANDARD = "gnu++20";
				CLANG_ENABLE_MODULES = YES;
				CLANG_ENABLE_OBJC_ARC = YES;
				CLANG_ENABLE_OBJC_WEAK = YES;
				CLANG_WARN_BLOCK_CAPTURE_AUTORELEASING = YES;
				CLANG_WARN_BOOL_CONVERSION = YES;
				CLANG_WARN_COMMA = YES;
				CLANG_WARN_CONSTANT_CONVERSION = YES;
				CLANG_WARN_DEPRECATED_OBJC_IMPLEMENTATIONS = YES;
				CLANG_WARN_DIRECT_OBJC_ISA_USAGE = YES_ERROR;
				CLANG_WARN_DOCUMENTATION_COMMENTS = YES;
				CLANG_WARN_EMPTY_BODY = YES;
				CLANG_WARN_ENUM_CONVERSION = YES;
				CLANG_WARN_INFINITE_RECURSION = YES;
				CLANG_WARN_INT_CONVERSION = YES;
				CLANG_WARN_NON_LITERAL_NULL_CONVERSION = YES;
				CLANG_WARN_OBJC_IMPLICIT_RETAIN_SELF = YES;
				CLANG_WARN_OBJC_LITERAL_CONVERSION = YES;
				CLANG_WARN_OBJC_ROOT_CLASS = YES_ERROR;
				CLANG_WARN_QUOTED_INCLUDE_IN_FRAMEWORK_HEADER = YES;
				CLANG_WARN_RANGE_LOOP_ANALYSIS = YES;
				CLANG_WARN_STRICT_PROTOTYPES = YES;
				CLANG_WARN_SUSPICIOUS_MOVE = YES;
				CLANG_WARN_UNGUARDED_AVAILABILITY = YES_AGGRESSIVE;
				CLANG_WARN_UNREACHABLE_CODE = YES;
				CLANG_WARN__DUPLICATE_METHOD_MATCH = YES;
				COPY_PHASE_STRIP = NO;
				DEBUG_INFORMATION_FORMAT = "dwarf-with-dsym";
				ENABLE_NS_ASSERTIONS = NO;
				ENABLE_STRICT_OBJC_MSGSEND = YES;
				GCC_C_LANGUAGE_STANDARD = gnu11;
				GCC_NO_COMMON_BLOCKS = YES;
				GCC_WARN_64_TO_32_BIT_CONVERSION = YES;
				GCC_WARN_ABOUT_RETURN_TYPE = YES_ERROR;
				GCC_WARN_UNDECLARED_SELECTOR = YES;
				GCC_WARN_UNINITIALIZED_AUTOS = YES_AGGRESSIVE;
				GCC_WARN_UNUSED_FUNCTION = YES;
				GCC_WARN_UNUSED_VARIABLE = YES;
				IPHONEOS_DEPLOYMENT_TARGET = 16.4;
				MTL_ENABLE_DEBUG_INFO = NO;
				MTL_FAST_MATH = YES;
				SDKROOT = iphoneos;
				SWIFT_COMPILATION_MODE = wholemodule;
				SWIFT_OPTIMIZATION_LEVEL = "-O";
				VALIDATE_PRODUCT = YES;
			};
			name = Release;
		};
		5EE81C792AEBE33E00E78272 /* Debug */ = {
			isa = XCBuildConfiguration;
			buildSettings = {
				ASSETCATALOG_COMPILER_APPICON_NAME = AppIcon;
				ASSETCATALOG_COMPILER_GLOBAL_ACCENT_COLOR_NAME = AccentColor;
				CODE_SIGN_STYLE = Automatic;
				CURRENT_PROJECT_VERSION = 1;
				DEVELOPMENT_TEAM = SJSFBHND4A;
				GENERATE_INFOPLIST_FILE = YES;
				INFOPLIST_KEY_UIApplicationSupportsIndirectInputEvents = YES;
				INFOPLIST_KEY_UILaunchStoryboardName = LaunchScreen;
				INFOPLIST_KEY_UIMainStoryboardFile = Main;
				INFOPLIST_KEY_UIStatusBarHidden = YES;
				INFOPLIST_KEY_UISupportedInterfaceOrientations = "UIInterfaceOrientationLandscapeLeft UIInterfaceOrientationLandscapeRight UIInterfaceOrientationPortrait";
				INFOPLIST_KEY_UISupportedInterfaceOrientations_iPad = "UIInterfaceOrientationLandscapeLeft UIInterfaceOrientationLandscapeRight";
				LD_RUNPATH_SEARCH_PATHS = (
					"$(inherited)",
					"@executable_path/Frameworks",
				);
				MARKETING_VERSION = 1.0;
				PRODUCT_BUNDLE_IDENTIFIER = com.eyeiai.Project29;
				PRODUCT_NAME = "$(TARGET_NAME)";
				SUPPORTED_PLATFORMS = "iphoneos iphonesimulator";
				SUPPORTS_MACCATALYST = NO;
				SUPPORTS_MAC_DESIGNED_FOR_IPHONE_IPAD = NO;
				SWIFT_EMIT_LOC_STRINGS = YES;
				SWIFT_VERSION = 5.0;
				TARGETED_DEVICE_FAMILY = 2;
			};
			name = Debug;
		};
		5EE81C7A2AEBE33E00E78272 /* Release */ = {
			isa = XCBuildConfiguration;
			buildSettings = {
				ASSETCATALOG_COMPILER_APPICON_NAME = AppIcon;
				ASSETCATALOG_COMPILER_GLOBAL_ACCENT_COLOR_NAME = AccentColor;
				CODE_SIGN_STYLE = Automatic;
				CURRENT_PROJECT_VERSION = 1;
				DEVELOPMENT_TEAM = SJSFBHND4A;
				GENERATE_INFOPLIST_FILE = YES;
				INFOPLIST_KEY_UIApplicationSupportsIndirectInputEvents = YES;
				INFOPLIST_KEY_UILaunchStoryboardName = LaunchScreen;
				INFOPLIST_KEY_UIMainStoryboardFile = Main;
				INFOPLIST_KEY_UIStatusBarHidden = YES;
				INFOPLIST_KEY_UISupportedInterfaceOrientations = "UIInterfaceOrientationLandscapeLeft UIInterfaceOrientationLandscapeRight UIInterfaceOrientationPortrait";
				INFOPLIST_KEY_UISupportedInterfaceOrientations_iPad = "UIInterfaceOrientationLandscapeLeft UIInterfaceOrientationLandscapeRight";
				LD_RUNPATH_SEARCH_PATHS = (
					"$(inherited)",
					"@executable_path/Frameworks",
				);
				MARKETING_VERSION = 1.0;
				PRODUCT_BUNDLE_IDENTIFIER = com.eyeiai.Project29;
				PRODUCT_NAME = "$(TARGET_NAME)";
				SUPPORTED_PLATFORMS = "iphoneos iphonesimulator";
				SUPPORTS_MACCATALYST = NO;
				SUPPORTS_MAC_DESIGNED_FOR_IPHONE_IPAD = NO;
				SWIFT_EMIT_LOC_STRINGS = YES;
				SWIFT_VERSION = 5.0;
				TARGETED_DEVICE_FAMILY = 2;
			};
			name = Release;
		};
/* End XCBuildConfiguration section */

/* Begin XCConfigurationList section */
		5EE81C5C2AEBE33A00E78272 /* Build configuration list for PBXProject "Project29" */ = {
			isa = XCConfigurationList;
			buildConfigurations = (
				5EE81C762AEBE33E00E78272 /* Debug */,
				5EE81C772AEBE33E00E78272 /* Release */,
			);
			defaultConfigurationIsVisible = 0;
			defaultConfigurationName = Release;
		};
		5EE81C782AEBE33E00E78272 /* Build configuration list for PBXNativeTarget "Project29" */ = {
			isa = XCConfigurationList;
			buildConfigurations = (
				5EE81C792AEBE33E00E78272 /* Debug */,
				5EE81C7A2AEBE33E00E78272 /* Release */,
			);
			defaultConfigurationIsVisible = 0;
			defaultConfigurationName = Release;
		};
/* End XCConfigurationList section */
	};
	rootObject = 5EE81C592AEBE33A00E78272 /* Project object */;
}
